
Microsoft Visual Studio Solution File, Format Version 12.00
Project("{FAE04EC0-301F-11D3-BF4B-00C04F79EFBC}") = "DemoTallerCodigoFacilito", "DemoTallerCodigoFacilito\DemoTallerCodigoFacilito.csproj", "{51B737CF-638B-4143-9ADE-8631FAB4A31D}"
EndProject
Global
	GlobalSection(SolutionConfigurationPlatforms) = preSolution
		Debug|Any CPU = Debug|Any CPU
		Release|Any CPU = Release|Any CPU
	EndGlobalSection
	GlobalSection(ProjectConfigurationPlatforms) = postSolution
		{51B737CF-638B-4143-9ADE-8631FAB4A31D}.Debug|Any CPU.ActiveCfg = Debug|Any CPU
		{51B737CF-638B-4143-9ADE-8631FAB4A31D}.Debug|Any CPU.Build.0 = Debug|Any CPU
		{51B737CF-638B-4143-9ADE-8631FAB4A31D}.Release|Any CPU.ActiveCfg = Release|Any CPU
		{51B737CF-638B-4143-9ADE-8631FAB4A31D}.Release|Any CPU.Build.0 = Release|Any CPU
	EndGlobalSection
EndGlobal
